
Microsoft Visual Studio Solution File, Format Version 12.00
# Visual Studio Version 17
VisualStudioVersion = 17.7.34009.444
MinimumVisualStudioVersion = 10.0.40219.1
Project("{9A19103F-16F7-4668-BE54-9A1E7A4F7556}") = "Api.Vendas", "src\01 - Infraestructure\Api.Vendas\Api.Vendas.csproj", "{4E991C9B-D7EC-4895-8D31-9AD926C9A749}"
EndProject
Project("{2150E333-8FDC-42A3-9474-1A3956D46DE8}") = "01 - Infraestructure", "01 - Infraestructure", "{E05BBC14-7E7D-46AE-912B-689A1126E3B8}"
EndProject
Project("{2150E333-8FDC-42A3-9474-1A3956D46DE8}") = "02 - Application", "02 - Application", "{F94FC0D0-4F8B-4453-A18D-5000CDB9EC12}"
EndProject
Project("{2150E333-8FDC-42A3-9474-1A3956D46DE8}") = "03 - Domain", "03 - Domain", "{A4585735-5DD3-4D0F-8C42-559940CE1463}"
EndProject
Project("{FAE04EC0-301F-11D3-BF4B-00C04F79EFBC}") = "Data", "src\01 - Infraestructure\Data\Data.csproj", "{1D1BB106-8A55-42F9-82BE-A5887E55EC0A}"
EndProject
Project("{FAE04EC0-301F-11D3-BF4B-00C04F79EFBC}") = "Application", "src\02 - Application\Application\Application.csproj", "{024A621F-0131-4B96-AF86-44D7578C2AD4}"
EndProject
Project("{FAE04EC0-301F-11D3-BF4B-00C04F79EFBC}") = "Domain", "src\03 - Domain\Domain\Domain.csproj", "{AAD868D3-D5CA-43F6-9872-0EEEB7A70D33}"
EndProject
Global
	GlobalSection(SolutionConfigurationPlatforms) = preSolution
		Debug|Any CPU = Debug|Any CPU
		Release|Any CPU = Release|Any CPU
	EndGlobalSection
	GlobalSection(ProjectConfigurationPlatforms) = postSolution
		{4E991C9B-D7EC-4895-8D31-9AD926C9A749}.Debug|Any CPU.ActiveCfg = Debug|Any CPU
		{4E991C9B-D7EC-4895-8D31-9AD926C9A749}.Debug|Any CPU.Build.0 = Debug|Any CPU
		{4E991C9B-D7EC-4895-8D31-9AD926C9A749}.Release|Any CPU.ActiveCfg = Release|Any CPU
		{4E991C9B-D7EC-4895-8D31-9AD926C9A749}.Release|Any CPU.Build.0 = Release|Any CPU
		{1D1BB106-8A55-42F9-82BE-A5887E55EC0A}.Debug|Any CPU.ActiveCfg = Debug|Any CPU
		{1D1BB106-8A55-42F9-82BE-A5887E55EC0A}.Debug|Any CPU.Build.0 = Debug|Any CPU
		{1D1BB106-8A55-42F9-82BE-A5887E55EC0A}.Release|Any CPU.ActiveCfg = Release|Any CPU
		{1D1BB106-8A55-42F9-82BE-A5887E55EC0A}.Release|Any CPU.Build.0 = Release|Any CPU
		{024A621F-0131-4B96-AF86-44D7578C2AD4}.Debug|Any CPU.ActiveCfg = Debug|Any CPU
		{024A621F-0131-4B96-AF86-44D7578C2AD4}.Debug|Any CPU.Build.0 = Debug|Any CPU
		{024A621F-0131-4B96-AF86-44D7578C2AD4}.Release|Any CPU.ActiveCfg = Release|Any CPU
		{024A621F-0131-4B96-AF86-44D7578C2AD4}.Release|Any CPU.Build.0 = Release|Any CPU
		{AAD868D3-D5CA-43F6-9872-0EEEB7A70D33}.Debug|Any CPU.ActiveCfg = Debug|Any CPU
		{AAD868D3-D5CA-43F6-9872-0EEEB7A70D33}.Debug|Any CPU.Build.0 = Debug|Any CPU
		{AAD868D3-D5CA-43F6-9872-0EEEB7A70D33}.Release|Any CPU.ActiveCfg = Release|Any CPU
		{AAD868D3-D5CA-43F6-9872-0EEEB7A70D33}.Release|Any CPU.Build.0 = Release|Any CPU
	EndGlobalSection
	GlobalSection(SolutionProperties) = preSolution
		HideSolutionNode = FALSE
	EndGlobalSection
	GlobalSection(NestedProjects) = preSolution
		{4E991C9B-D7EC-4895-8D31-9AD926C9A749} = {E05BBC14-7E7D-46AE-912B-689A1126E3B8}
		{1D1BB106-8A55-42F9-82BE-A5887E55EC0A} = {E05BBC14-7E7D-46AE-912B-689A1126E3B8}
		{024A621F-0131-4B96-AF86-44D7578C2AD4} = {F94FC0D0-4F8B-4453-A18D-5000CDB9EC12}
		{AAD868D3-D5CA-43F6-9872-0EEEB7A70D33} = {A4585735-5DD3-4D0F-8C42-559940CE1463}
	EndGlobalSection
	GlobalSection(ExtensibilityGlobals) = postSolution
		SolutionGuid = {5C14064B-E3C4-49BA-8EF8-CABFEE36222A}
	EndGlobalSection
EndGlobal
